// !$*UTF8*$!
{
	archiveVersion = 1;
	classes = {
	};
	objectVersion = 46;
	objects = {

/* Begin PBXBuildFile section */
		769D7AE76F29FD12FFDE15A2 /* Pods_pushmynotifsUITests.framework in Frameworks */ = {isa = PBXBuildFile; fileRef = 162B53C3A4DA78DD4F522EBA /* Pods_pushmynotifsUITests.framework */; };
		8DA27868D83A7687E748A1B8 /* Pods_pushmynotifs.framework in Frameworks */ = {isa = PBXBuildFile; fileRef = C62C3F40BD88E34571124B40 /* Pods_pushmynotifs.framework */; };
		91175A6EE2A68452065E9D7C /* Pods_pushmynotifsTests.framework in Frameworks */ = {isa = PBXBuildFile; fileRef = 741BC75C7C9DB145A5892B40 /* Pods_pushmynotifsTests.framework */; };
		AE8E3F0C1E8218C200BF6FE5 /* AppDelegate.swift in Sources */ = {isa = PBXBuildFile; fileRef = AE8E3F0B1E8218C200BF6FE5 /* AppDelegate.swift */; };
		AE8E3F0E1E8218C200BF6FE5 /* ViewController.swift in Sources */ = {isa = PBXBuildFile; fileRef = AE8E3F0D1E8218C200BF6FE5 /* ViewController.swift */; };
		AE8E3F111E8218C200BF6FE5 /* Main.storyboard in Resources */ = {isa = PBXBuildFile; fileRef = AE8E3F0F1E8218C200BF6FE5 /* Main.storyboard */; };
		AE8E3F131E8218C200BF6FE5 /* Assets.xcassets in Resources */ = {isa = PBXBuildFile; fileRef = AE8E3F121E8218C200BF6FE5 /* Assets.xcassets */; };
		AE8E3F161E8218C200BF6FE5 /* LaunchScreen.storyboard in Resources */ = {isa = PBXBuildFile; fileRef = AE8E3F141E8218C200BF6FE5 /* LaunchScreen.storyboard */; };
		AE8E3F211E8218C200BF6FE5 /* pushmynotifsTests.swift in Sources */ = {isa = PBXBuildFile; fileRef = AE8E3F201E8218C200BF6FE5 /* pushmynotifsTests.swift */; };
		AE8E3F2C1E8218C200BF6FE5 /* pushmynotifsUITests.swift in Sources */ = {isa = PBXBuildFile; fileRef = AE8E3F2B1E8218C200BF6FE5 /* pushmynotifsUITests.swift */; };
		AE8E3F3A1E82196100BF6FE5 /* GoogleService-Info.plist in Resources */ = {isa = PBXBuildFile; fileRef = AE8E3F391E82196100BF6FE5 /* GoogleService-Info.plist */; };
		AE8E3F3D1E82752700BF6FE5 /* SecondViewController.swift in Sources */ = {isa = PBXBuildFile; fileRef = AE8E3F3C1E82752700BF6FE5 /* SecondViewController.swift */; };
		AE8E3F3F1E8280E700BF6FE5 /* ThirdViewController.swift in Sources */ = {isa = PBXBuildFile; fileRef = AE8E3F3E1E8280E700BF6FE5 /* ThirdViewController.swift */; };
		AE8E3F411E83AE3200BF6FE5 /* utiliti.swift in Sources */ = {isa = PBXBuildFile; fileRef = AE8E3F401E83AE3100BF6FE5 /* utiliti.swift */; };
/* End PBXBuildFile section */

/* Begin PBXContainerItemProxy section */
		AE8E3F1D1E8218C200BF6FE5 /* PBXContainerItemProxy */ = {
			isa = PBXContainerItemProxy;
			containerPortal = AE8E3F001E8218C200BF6FE5 /* Project object */;
			proxyType = 1;
			remoteGlobalIDString = AE8E3F071E8218C200BF6FE5;
			remoteInfo = pushmynotifs;
		};
		AE8E3F281E8218C200BF6FE5 /* PBXContainerItemProxy */ = {
			isa = PBXContainerItemProxy;
			containerPortal = AE8E3F001E8218C200BF6FE5 /* Project object */;
			proxyType = 1;
			remoteGlobalIDString = AE8E3F071E8218C200BF6FE5;
			remoteInfo = pushmynotifs;
		};
/* End PBXContainerItemProxy section */

/* Begin PBXFileReference section */
		162B53C3A4DA78DD4F522EBA /* Pods_pushmynotifsUITests.framework */ = {isa = PBXFileReference; explicitFileType = wrapper.framework; includeInIndex = 0; path = Pods_pushmynotifsUITests.framework; sourceTree = BUILT_PRODUCTS_DIR; };
		3D349F1CCDE7F5CFE498AF6B /* Pods-pushmynotifsUITests.debug.xcconfig */ = {isa = PBXFileReference; includeInIndex = 1; lastKnownFileType = text.xcconfig; name = "Pods-pushmynotifsUITests.debug.xcconfig"; path = "Pods/Target Support Files/Pods-pushmynotifsUITests/Pods-pushmynotifsUITests.debug.xcconfig"; sourceTree = "<group>"; };
		53F682490C61701422046CD4 /* Pods-pushmynotifsUITests.release.xcconfig */ = {isa = PBXFileReference; includeInIndex = 1; lastKnownFileType = text.xcconfig; name = "Pods-pushmynotifsUITests.release.xcconfig"; path = "Pods/Target Support Files/Pods-pushmynotifsUITests/Pods-pushmynotifsUITests.release.xcconfig"; sourceTree = "<group>"; };
		741BC75C7C9DB145A5892B40 /* Pods_pushmynotifsTests.framework */ = {isa = PBXFileReference; explicitFileType = wrapper.framework; includeInIndex = 0; path = Pods_pushmynotifsTests.framework; sourceTree = BUILT_PRODUCTS_DIR; };
		7C656E2A95CFA0011836445B /* Pods-pushmynotifsTests.release.xcconfig */ = {isa = PBXFileReference; includeInIndex = 1; lastKnownFileType = text.xcconfig; name = "Pods-pushmynotifsTests.release.xcconfig"; path = "Pods/Target Support Files/Pods-pushmynotifsTests/Pods-pushmynotifsTests.release.xcconfig"; sourceTree = "<group>"; };
		AE8E3F081E8218C200BF6FE5 /* pushmynotifs.app */ = {isa = PBXFileReference; explicitFileType = wrapper.application; includeInIndex = 0; path = pushmynotifs.app; sourceTree = BUILT_PRODUCTS_DIR; };
		AE8E3F0B1E8218C200BF6FE5 /* AppDelegate.swift */ = {isa = PBXFileReference; lastKnownFileType = sourcecode.swift; path = AppDelegate.swift; sourceTree = "<group>"; };
		AE8E3F0D1E8218C200BF6FE5 /* ViewController.swift */ = {isa = PBXFileReference; lastKnownFileType = sourcecode.swift; path = ViewController.swift; sourceTree = "<group>"; };
		AE8E3F101E8218C200BF6FE5 /* Base */ = {isa = PBXFileReference; lastKnownFileType = file.storyboard; name = Base; path = Base.lproj/Main.storyboard; sourceTree = "<group>"; };
		AE8E3F121E8218C200BF6FE5 /* Assets.xcassets */ = {isa = PBXFileReference; lastKnownFileType = folder.assetcatalog; path = Assets.xcassets; sourceTree = "<group>"; };
		AE8E3F151E8218C200BF6FE5 /* Base */ = {isa = PBXFileReference; lastKnownFileType = file.storyboard; name = Base; path = Base.lproj/LaunchScreen.storyboard; sourceTree = "<group>"; };
		AE8E3F171E8218C200BF6FE5 /* Info.plist */ = {isa = PBXFileReference; lastKnownFileType = text.plist.xml; path = Info.plist; sourceTree = "<group>"; };
		AE8E3F1C1E8218C200BF6FE5 /* pushmynotifsTests.xctest */ = {isa = PBXFileReference; explicitFileType = wrapper.cfbundle; includeInIndex = 0; path = pushmynotifsTests.xctest; sourceTree = BUILT_PRODUCTS_DIR; };
		AE8E3F201E8218C200BF6FE5 /* pushmynotifsTests.swift */ = {isa = PBXFileReference; lastKnownFileType = sourcecode.swift; path = pushmynotifsTests.swift; sourceTree = "<group>"; };
		AE8E3F221E8218C200BF6FE5 /* Info.plist */ = {isa = PBXFileReference; lastKnownFileType = text.plist.xml; path = Info.plist; sourceTree = "<group>"; };
		AE8E3F271E8218C200BF6FE5 /* pushmynotifsUITests.xctest */ = {isa = PBXFileReference; explicitFileType = wrapper.cfbundle; includeInIndex = 0; path = pushmynotifsUITests.xctest; sourceTree = BUILT_PRODUCTS_DIR; };
		AE8E3F2B1E8218C200BF6FE5 /* pushmynotifsUITests.swift */ = {isa = PBXFileReference; lastKnownFileType = sourcecode.swift; path = pushmynotifsUITests.swift; sourceTree = "<group>"; };
		AE8E3F2D1E8218C200BF6FE5 /* Info.plist */ = {isa = PBXFileReference; lastKnownFileType = text.plist.xml; path = Info.plist; sourceTree = "<group>"; };
		AE8E3F391E82196100BF6FE5 /* GoogleService-Info.plist */ = {isa = PBXFileReference; fileEncoding = 4; lastKnownFileType = text.plist.xml; path = "GoogleService-Info.plist"; sourceTree = "<group>"; };
		AE8E3F3B1E8223C100BF6FE5 /* pushmynotifs.entitlements */ = {isa = PBXFileReference; lastKnownFileType = text.plist.entitlements; path = pushmynotifs.entitlements; sourceTree = "<group>"; };
		AE8E3F3C1E82752700BF6FE5 /* SecondViewController.swift */ = {isa = PBXFileReference; fileEncoding = 4; lastKnownFileType = sourcecode.swift; path = SecondViewController.swift; sourceTree = "<group>"; };
		AE8E3F3E1E8280E700BF6FE5 /* ThirdViewController.swift */ = {isa = PBXFileReference; fileEncoding = 4; lastKnownFileType = sourcecode.swift; path = ThirdViewController.swift; sourceTree = "<group>"; };
		AE8E3F401E83AE3100BF6FE5 /* utiliti.swift */ = {isa = PBXFileReference; fileEncoding = 4; lastKnownFileType = sourcecode.swift; path = utiliti.swift; sourceTree = "<group>"; };
		C62C3F40BD88E34571124B40 /* Pods_pushmynotifs.framework */ = {isa = PBXFileReference; explicitFileType = wrapper.framework; includeInIndex = 0; path = Pods_pushmynotifs.framework; sourceTree = BUILT_PRODUCTS_DIR; };
		E504FA18C58F27D5F700F0E5 /* Pods-pushmynotifsTests.debug.xcconfig */ = {isa = PBXFileReference; includeInIndex = 1; lastKnownFileType = text.xcconfig; name = "Pods-pushmynotifsTests.debug.xcconfig"; path = "Pods/Target Support Files/Pods-pushmynotifsTests/Pods-pushmynotifsTests.debug.xcconfig"; sourceTree = "<group>"; };
		F0583A48E89F36DE9F3AC3FB /* Pods-pushmynotifs.release.xcconfig */ = {isa = PBXFileReference; includeInIndex = 1; lastKnownFileType = text.xcconfig; name = "Pods-pushmynotifs.release.xcconfig"; path = "Pods/Target Support Files/Pods-pushmynotifs/Pods-pushmynotifs.release.xcconfig"; sourceTree = "<group>"; };
		F6CC02D769EA463D8CC6D690 /* Pods-pushmynotifs.debug.xcconfig */ = {isa = PBXFileReference; includeInIndex = 1; lastKnownFileType = text.xcconfig; name = "Pods-pushmynotifs.debug.xcconfig"; path = "Pods/Target Support Files/Pods-pushmynotifs/Pods-pushmynotifs.debug.xcconfig"; sourceTree = "<group>"; };
/* End PBXFileReference section */

/* Begin PBXFrameworksBuildPhase section */
		AE8E3F051E8218C200BF6FE5 /* Frameworks */ = {
			isa = PBXFrameworksBuildPhase;
			buildActionMask = 2147483647;
			files = (
				8DA27868D83A7687E748A1B8 /* Pods_pushmynotifs.framework in Frameworks */,
			);
			runOnlyForDeploymentPostprocessing = 0;
		};
		AE8E3F191E8218C200BF6FE5 /* Frameworks */ = {
			isa = PBXFrameworksBuildPhase;
			buildActionMask = 2147483647;
			files = (
				91175A6EE2A68452065E9D7C /* Pods_pushmynotifsTests.framework in Frameworks */,
			);
			runOnlyForDeploymentPostprocessing = 0;
		};
		AE8E3F241E8218C200BF6FE5 /* Frameworks */ = {
			isa = PBXFrameworksBuildPhase;
			buildActionMask = 2147483647;
			files = (
				769D7AE76F29FD12FFDE15A2 /* Pods_pushmynotifsUITests.framework in Frameworks */,
			);
			runOnlyForDeploymentPostprocessing = 0;
		};
/* End PBXFrameworksBuildPhase section */

/* Begin PBXGroup section */
		95C055CCF58B4F6D8065F76B /* Frameworks */ = {
			isa = PBXGroup;
			children = (
				C62C3F40BD88E34571124B40 /* Pods_pushmynotifs.framework */,
				741BC75C7C9DB145A5892B40 /* Pods_pushmynotifsTests.framework */,
				162B53C3A4DA78DD4F522EBA /* Pods_pushmynotifsUITests.framework */,
			);
			name = Frameworks;
			sourceTree = "<group>";
		};
		AE8E3EFF1E8218C200BF6FE5 = {
			isa = PBXGroup;
			children = (
				AE8E3F0A1E8218C200BF6FE5 /* pushmynotifs */,
				AE8E3F1F1E8218C200BF6FE5 /* pushmynotifsTests */,
				AE8E3F2A1E8218C200BF6FE5 /* pushmynotifsUITests */,
				AE8E3F091E8218C200BF6FE5 /* Products */,
				C40AFF5003F252ECCA60400B /* Pods */,
				95C055CCF58B4F6D8065F76B /* Frameworks */,
			);
			sourceTree = "<group>";
		};
		AE8E3F091E8218C200BF6FE5 /* Products */ = {
			isa = PBXGroup;
			children = (
				AE8E3F081E8218C200BF6FE5 /* pushmynotifs.app */,
				AE8E3F1C1E8218C200BF6FE5 /* pushmynotifsTests.xctest */,
				AE8E3F271E8218C200BF6FE5 /* pushmynotifsUITests.xctest */,
			);
			name = Products;
			sourceTree = "<group>";
		};
		AE8E3F0A1E8218C200BF6FE5 /* pushmynotifs */ = {
			isa = PBXGroup;
			children = (
				AE8E3F3B1E8223C100BF6FE5 /* pushmynotifs.entitlements */,
				AE8E3F391E82196100BF6FE5 /* GoogleService-Info.plist */,
				AE8E3F0B1E8218C200BF6FE5 /* AppDelegate.swift */,
				AE8E3F0D1E8218C200BF6FE5 /* ViewController.swift */,
				AE8E3F0F1E8218C200BF6FE5 /* Main.storyboard */,
				AE8E3F121E8218C200BF6FE5 /* Assets.xcassets */,
				AE8E3F141E8218C200BF6FE5 /* LaunchScreen.storyboard */,
				AE8E3F171E8218C200BF6FE5 /* Info.plist */,
				AE8E3F3C1E82752700BF6FE5 /* SecondViewController.swift */,
				AE8E3F3E1E8280E700BF6FE5 /* ThirdViewController.swift */,
				AE8E3F401E83AE3100BF6FE5 /* utiliti.swift */,
			);
			path = pushmynotifs;
			sourceTree = "<group>";
		};
		AE8E3F1F1E8218C200BF6FE5 /* pushmynotifsTests */ = {
			isa = PBXGroup;
			children = (
				AE8E3F201E8218C200BF6FE5 /* pushmynotifsTests.swift */,
				AE8E3F221E8218C200BF6FE5 /* Info.plist */,
			);
			path = pushmynotifsTests;
			sourceTree = "<group>";
		};
		AE8E3F2A1E8218C200BF6FE5 /* pushmynotifsUITests */ = {
			isa = PBXGroup;
			children = (
				AE8E3F2B1E8218C200BF6FE5 /* pushmynotifsUITests.swift */,
				AE8E3F2D1E8218C200BF6FE5 /* Info.plist */,
			);
			path = pushmynotifsUITests;
			sourceTree = "<group>";
		};
		C40AFF5003F252ECCA60400B /* Pods */ = {
			isa = PBXGroup;
			children = (
				F6CC02D769EA463D8CC6D690 /* Pods-pushmynotifs.debug.xcconfig */,
				F0583A48E89F36DE9F3AC3FB /* Pods-pushmynotifs.release.xcconfig */,
				E504FA18C58F27D5F700F0E5 /* Pods-pushmynotifsTests.debug.xcconfig */,
				7C656E2A95CFA0011836445B /* Pods-pushmynotifsTests.release.xcconfig */,
				3D349F1CCDE7F5CFE498AF6B /* Pods-pushmynotifsUITests.debug.xcconfig */,
				53F682490C61701422046CD4 /* Pods-pushmynotifsUITests.release.xcconfig */,
			);
			name = Pods;
			sourceTree = "<group>";
		};
/* End PBXGroup section */

/* Begin PBXNativeTarget section */
		AE8E3F071E8218C200BF6FE5 /* pushmynotifs */ = {
			isa = PBXNativeTarget;
			buildConfigurationList = AE8E3F301E8218C200BF6FE5 /* Build configuration list for PBXNativeTarget "pushmynotifs" */;
			buildPhases = (
				1C224E8E0B8C0D1094FC832C /* [CP] Check Pods Manifest.lock */,
				AE8E3F041E8218C200BF6FE5 /* Sources */,
				AE8E3F051E8218C200BF6FE5 /* Frameworks */,
				AE8E3F061E8218C200BF6FE5 /* Resources */,
				B3555652D452DD9B4F75CC4B /* [CP] Embed Pods Frameworks */,
				29048955907DEE5CE5B57FD9 /* [CP] Copy Pods Resources */,
			);
			buildRules = (
			);
			dependencies = (
			);
			name = pushmynotifs;
			productName = pushmynotifs;
			productReference = AE8E3F081E8218C200BF6FE5 /* pushmynotifs.app */;
			productType = "com.apple.product-type.application";
		};
		AE8E3F1B1E8218C200BF6FE5 /* pushmynotifsTests */ = {
			isa = PBXNativeTarget;
			buildConfigurationList = AE8E3F331E8218C200BF6FE5 /* Build configuration list for PBXNativeTarget "pushmynotifsTests" */;
			buildPhases = (
				9B775FC5D46C1023BD8EE29C /* [CP] Check Pods Manifest.lock */,
				AE8E3F181E8218C200BF6FE5 /* Sources */,
				AE8E3F191E8218C200BF6FE5 /* Frameworks */,
				AE8E3F1A1E8218C200BF6FE5 /* Resources */,
				AEF2F58D3DF64B13DB64F29D /* [CP] Embed Pods Frameworks */,
				9F583F8418AF98D042C20A05 /* [CP] Copy Pods Resources */,
			);
			buildRules = (
			);
			dependencies = (
				AE8E3F1E1E8218C200BF6FE5 /* PBXTargetDependency */,
			);
			name = pushmynotifsTests;
			productName = pushmynotifsTests;
			productReference = AE8E3F1C1E8218C200BF6FE5 /* pushmynotifsTests.xctest */;
			productType = "com.apple.product-type.bundle.unit-test";
		};
		AE8E3F261E8218C200BF6FE5 /* pushmynotifsUITests */ = {
			isa = PBXNativeTarget;
			buildConfigurationList = AE8E3F361E8218C200BF6FE5 /* Build configuration list for PBXNativeTarget "pushmynotifsUITests" */;
			buildPhases = (
				E0C0D357BB72E9FC5902E0E6 /* [CP] Check Pods Manifest.lock */,
				AE8E3F231E8218C200BF6FE5 /* Sources */,
				AE8E3F241E8218C200BF6FE5 /* Frameworks */,
				AE8E3F251E8218C200BF6FE5 /* Resources */,
				657DF0DFAFEEBFD500F4F900 /* [CP] Embed Pods Frameworks */,
				8DCF8B4B39A0F80072801621 /* [CP] Copy Pods Resources */,
			);
			buildRules = (
			);
			dependencies = (
				AE8E3F291E8218C200BF6FE5 /* PBXTargetDependency */,
			);
			name = pushmynotifsUITests;
			productName = pushmynotifsUITests;
			productReference = AE8E3F271E8218C200BF6FE5 /* pushmynotifsUITests.xctest */;
			productType = "com.apple.product-type.bundle.ui-testing";
		};
/* End PBXNativeTarget section */

/* Begin PBXProject section */
		AE8E3F001E8218C200BF6FE5 /* Project object */ = {
			isa = PBXProject;
			attributes = {
				LastSwiftUpdateCheck = 0820;
				LastUpgradeCheck = 0820;
				ORGANIZATIONNAME = "Rea Won Kim";
				TargetAttributes = {
					AE8E3F071E8218C200BF6FE5 = {
						CreatedOnToolsVersion = 8.2;
						DevelopmentTeam = 5JR82ZDZUZ;
						ProvisioningStyle = Automatic;
						SystemCapabilities = {
							com.apple.Push = {
								enabled = 1;
							};
						};
					};
					AE8E3F1B1E8218C200BF6FE5 = {
						CreatedOnToolsVersion = 8.2;
						ProvisioningStyle = Automatic;
						TestTargetID = AE8E3F071E8218C200BF6FE5;
					};
					AE8E3F261E8218C200BF6FE5 = {
						CreatedOnToolsVersion = 8.2;
						ProvisioningStyle = Automatic;
						TestTargetID = AE8E3F071E8218C200BF6FE5;
					};
				};
			};
			buildConfigurationList = AE8E3F031E8218C200BF6FE5 /* Build configuration list for PBXProject "pushmynotifs" */;
			compatibilityVersion = "Xcode 3.2";
			developmentRegion = English;
			hasScannedForEncodings = 0;
			knownRegions = (
				en,
				Base,
			);
			mainGroup = AE8E3EFF1E8218C200BF6FE5;
			productRefGroup = AE8E3F091E8218C200BF6FE5 /* Products */;
			projectDirPath = "";
			projectRoot = "";
			targets = (
				AE8E3F071E8218C200BF6FE5 /* pushmynotifs */,
				AE8E3F1B1E8218C200BF6FE5 /* pushmynotifsTests */,
				AE8E3F261E8218C200BF6FE5 /* pushmynotifsUITests */,
			);
		};
/* End PBXProject section */

/* Begin PBXResourcesBuildPhase section */
		AE8E3F061E8218C200BF6FE5 /* Resources */ = {
			isa = PBXResourcesBuildPhase;
			buildActionMask = 2147483647;
			files = (
				AE8E3F161E8218C200BF6FE5 /* LaunchScreen.storyboard in Resources */,
				AE8E3F3A1E82196100BF6FE5 /* GoogleService-Info.plist in Resources */,
				AE8E3F131E8218C200BF6FE5 /* Assets.xcassets in Resources */,
				AE8E3F111E8218C200BF6FE5 /* Main.storyboard in Resources */,
			);
			runOnlyForDeploymentPostprocessing = 0;
		};
		AE8E3F1A1E8218C200BF6FE5 /* Resources */ = {
			isa = PBXResourcesBuildPhase;
			buildActionMask = 2147483647;
			files = (
			);
			runOnlyForDeploymentPostprocessing = 0;
		};
		AE8E3F251E8218C200BF6FE5 /* Resources */ = {
			isa = PBXResourcesBuildPhase;
			buildActionMask = 2147483647;
			files = (
			);
			runOnlyForDeploymentPostprocessing = 0;
		};
/* End PBXResourcesBuildPhase section */

/* Begin PBXShellScriptBuildPhase section */
		1C224E8E0B8C0D1094FC832C /* [CP] Check Pods Manifest.lock */ = {
			isa = PBXShellScriptBuildPhase;
			buildActionMask = 2147483647;
			files = (
			);
			inputPaths = (
			);
			name = "[CP] Check Pods Manifest.lock";
			outputPaths = (
			);
			runOnlyForDeploymentPostprocessing = 0;
			shellPath = /bin/sh;
			shellScript = "diff \"${PODS_ROOT}/../Podfile.lock\" \"${PODS_ROOT}/Manifest.lock\" > /dev/null\nif [ $? != 0 ] ; then\n    # print error to STDERR\n    echo \"error: The sandbox is not in sync with the Podfile.lock. Run 'pod install' or update your CocoaPods installation.\" >&2\n    exit 1\nfi\n";
			showEnvVarsInLog = 0;
		};
		29048955907DEE5CE5B57FD9 /* [CP] Copy Pods Resources */ = {
			isa = PBXShellScriptBuildPhase;
			buildActionMask = 2147483647;
			files = (
			);
			inputPaths = (
			);
			name = "[CP] Copy Pods Resources";
			outputPaths = (
			);
			runOnlyForDeploymentPostprocessing = 0;
			shellPath = /bin/sh;
			shellScript = "\"${SRCROOT}/Pods/Target Support Files/Pods-pushmynotifs/Pods-pushmynotifs-resources.sh\"\n";
			showEnvVarsInLog = 0;
		};
		657DF0DFAFEEBFD500F4F900 /* [CP] Embed Pods Frameworks */ = {
			isa = PBXShellScriptBuildPhase;
			buildActionMask = 2147483647;
			files = (
			);
			inputPaths = (
			);
			name = "[CP] Embed Pods Frameworks";
			outputPaths = (
			);
			runOnlyForDeploymentPostprocessing = 0;
			shellPath = /bin/sh;
			shellScript = "\"${SRCROOT}/Pods/Target Support Files/Pods-pushmynotifsUITests/Pods-pushmynotifsUITests-frameworks.sh\"\n";
			showEnvVarsInLog = 0;
		};
		8DCF8B4B39A0F80072801621 /* [CP] Copy Pods Resources */ = {
			isa = PBXShellScriptBuildPhase;
			buildActionMask = 2147483647;
			files = (
			);
			inputPaths = (
			);
			name = "[CP] Copy Pods Resources";
			outputPaths = (
			);
			runOnlyForDeploymentPostprocessing = 0;
			shellPath = /bin/sh;
			shellScript = "\"${SRCROOT}/Pods/Target Support Files/Pods-pushmynotifsUITests/Pods-pushmynotifsUITests-resources.sh\"\n";
			showEnvVarsInLog = 0;
		};
		9B775FC5D46C1023BD8EE29C /* [CP] Check Pods Manifest.lock */ = {
			isa = PBXShellScriptBuildPhase;
			buildActionMask = 2147483647;
			files = (
			);
			inputPaths = (
			);
			name = "[CP] Check Pods Manifest.lock";
			outputPaths = (
			);
			runOnlyForDeploymentPostprocessing = 0;
			shellPath = /bin/sh;
			shellScript = "diff \"${PODS_ROOT}/../Podfile.lock\" \"${PODS_ROOT}/Manifest.lock\" > /dev/null\nif [ $? != 0 ] ; then\n    # print error to STDERR\n    echo \"error: The sandbox is not in sync with the Podfile.lock. Run 'pod install' or update your CocoaPods installation.\" >&2\n    exit 1\nfi\n";
			showEnvVarsInLog = 0;
		};
		9F583F8418AF98D042C20A05 /* [CP] Copy Pods Resources */ = {
			isa = PBXShellScriptBuildPhase;
			buildActionMask = 2147483647;
			files = (
			);
			inputPaths = (
			);
			name = "[CP] Copy Pods Resources";
			outputPaths = (
			);
			runOnlyForDeploymentPostprocessing = 0;
			shellPath = /bin/sh;
			shellScript = "\"${SRCROOT}/Pods/Target Support Files/Pods-pushmynotifsTests/Pods-pushmynotifsTests-resources.sh\"\n";
			showEnvVarsInLog = 0;
		};
		AEF2F58D3DF64B13DB64F29D /* [CP] Embed Pods Frameworks */ = {
			isa = PBXShellScriptBuildPhase;
			buildActionMask = 2147483647;
			files = (
			);
			inputPaths = (
			);
			name = "[CP] Embed Pods Frameworks";
			outputPaths = (
			);
			runOnlyForDeploymentPostprocessing = 0;
			shellPath = /bin/sh;
			shellScript = "\"${SRCROOT}/Pods/Target Support Files/Pods-pushmynotifsTests/Pods-pushmynotifsTests-frameworks.sh\"\n";
			showEnvVarsInLog = 0;
		};
		B3555652D452DD9B4F75CC4B /* [CP] Embed Pods Frameworks */ = {
			isa = PBXShellScriptBuildPhase;
			buildActionMask = 2147483647;
			files = (
			);
			inputPaths = (
			);
			name = "[CP] Embed Pods Frameworks";
			outputPaths = (
			);
			runOnlyForDeploymentPostprocessing = 0;
			shellPath = /bin/sh;
			shellScript = "\"${SRCROOT}/Pods/Target Support Files/Pods-pushmynotifs/Pods-pushmynotifs-frameworks.sh\"\n";
			showEnvVarsInLog = 0;
		};
		E0C0D357BB72E9FC5902E0E6 /* [CP] Check Pods Manifest.lock */ = {
			isa = PBXShellScriptBuildPhase;
			buildActionMask = 2147483647;
			files = (
			);
			inputPaths = (
			);
			name = "[CP] Check Pods Manifest.lock";
			outputPaths = (
			);
			runOnlyForDeploymentPostprocessing = 0;
			shellPath = /bin/sh;
			shellScript = "diff \"${PODS_ROOT}/../Podfile.lock\" \"${PODS_ROOT}/Manifest.lock\" > /dev/null\nif [ $? != 0 ] ; then\n    # print error to STDERR\n    echo \"error: The sandbox is not in sync with the Podfile.lock. Run 'pod install' or update your CocoaPods installation.\" >&2\n    exit 1\nfi\n";
			showEnvVarsInLog = 0;
		};
/* End PBXShellScriptBuildPhase section */

/* Begin PBXSourcesBuildPhase section */
		AE8E3F041E8218C200BF6FE5 /* Sources */ = {
			isa = PBXSourcesBuildPhase;
			buildActionMask = 2147483647;
			files = (
				AE8E3F3D1E82752700BF6FE5 /* SecondViewController.swift in Sources */,
				AE8E3F411E83AE3200BF6FE5 /* utiliti.swift in Sources */,
				AE8E3F0E1E8218C200BF6FE5 /* ViewController.swift in Sources */,
				AE8E3F3F1E8280E700BF6FE5 /* ThirdViewController.swift in Sources */,
				AE8E3F0C1E8218C200BF6FE5 /* AppDelegate.swift in Sources */,
			);
			runOnlyForDeploymentPostprocessing = 0;
		};
		AE8E3F181E8218C200BF6FE5 /* Sources */ = {
			isa = PBXSourcesBuildPhase;
			buildActionMask = 2147483647;
			files = (
				AE8E3F211E8218C200BF6FE5 /* pushmynotifsTests.swift in Sources */,
			);
			runOnlyForDeploymentPostprocessing = 0;
		};
		AE8E3F231E8218C200BF6FE5 /* Sources */ = {
			isa = PBXSourcesBuildPhase;
			buildActionMask = 2147483647;
			files = (
				AE8E3F2C1E8218C200BF6FE5 /* pushmynotifsUITests.swift in Sources */,
			);
			runOnlyForDeploymentPostprocessing = 0;
		};
/* End PBXSourcesBuildPhase section */

/* Begin PBXTargetDependency section */
		AE8E3F1E1E8218C200BF6FE5 /* PBXTargetDependency */ = {
			isa = PBXTargetDependency;
			target = AE8E3F071E8218C200BF6FE5 /* pushmynotifs */;
			targetProxy = AE8E3F1D1E8218C200BF6FE5 /* PBXContainerItemProxy */;
		};
		AE8E3F291E8218C200BF6FE5 /* PBXTargetDependency */ = {
			isa = PBXTargetDependency;
			target = AE8E3F071E8218C200BF6FE5 /* pushmynotifs */;
			targetProxy = AE8E3F281E8218C200BF6FE5 /* PBXContainerItemProxy */;
		};
/* End PBXTargetDependency section */

/* Begin PBXVariantGroup section */
		AE8E3F0F1E8218C200BF6FE5 /* Main.storyboard */ = {
			isa = PBXVariantGroup;
			children = (
				AE8E3F101E8218C200BF6FE5 /* Base */,
			);
			name = Main.storyboard;
			sourceTree = "<group>";
		};
		AE8E3F141E8218C200BF6FE5 /* LaunchScreen.storyboard */ = {
			isa = PBXVariantGroup;
			children = (
				AE8E3F151E8218C200BF6FE5 /* Base */,
			);
			name = LaunchScreen.storyboard;
			sourceTree = "<group>";
		};
/* End PBXVariantGroup section */

/* Begin XCBuildConfiguration section */
		AE8E3F2E1E8218C200BF6FE5 /* Debug */ = {
			isa = XCBuildConfiguration;
			buildSettings = {
				ALWAYS_SEARCH_USER_PATHS = NO;
				CLANG_ANALYZER_NONNULL = YES;
				CLANG_CXX_LANGUAGE_STANDARD = "gnu++0x";
				CLANG_CXX_LIBRARY = "libc++";
				CLANG_ENABLE_MODULES = YES;
				CLANG_ENABLE_OBJC_ARC = YES;
				CLANG_WARN_BOOL_CONVERSION = YES;
				CLANG_WARN_CONSTANT_CONVERSION = YES;
				CLANG_WARN_DIRECT_OBJC_ISA_USAGE = YES_ERROR;
				CLANG_WARN_DOCUMENTATION_COMMENTS = YES;
				CLANG_WARN_EMPTY_BODY = YES;
				CLANG_WARN_ENUM_CONVERSION = YES;
				CLANG_WARN_INFINITE_RECURSION = YES;
				CLANG_WARN_INT_CONVERSION = YES;
				CLANG_WARN_OBJC_ROOT_CLASS = YES_ERROR;
				CLANG_WARN_SUSPICIOUS_MOVE = YES;
				CLANG_WARN_UNREACHABLE_CODE = YES;
				CLANG_WARN__DUPLICATE_METHOD_MATCH = YES;
				"CODE_SIGN_IDENTITY[sdk=iphoneos*]" = "iPhone Developer";
				COPY_PHASE_STRIP = NO;
				DEBUG_INFORMATION_FORMAT = dwarf;
				ENABLE_STRICT_OBJC_MSGSEND = YES;
				ENABLE_TESTABILITY = YES;
				GCC_C_LANGUAGE_STANDARD = gnu99;
				GCC_DYNAMIC_NO_PIC = NO;
				GCC_NO_COMMON_BLOCKS = YES;
				GCC_OPTIMIZATION_LEVEL = 0;
				GCC_PREPROCESSOR_DEFINITIONS = (
					"DEBUG=1",
					"$(inherited)",
				);
				GCC_WARN_64_TO_32_BIT_CONVERSION = YES;
				GCC_WARN_ABOUT_RETURN_TYPE = YES_ERROR;
				GCC_WARN_UNDECLARED_SELECTOR = YES;
				GCC_WARN_UNINITIALIZED_AUTOS = YES_AGGRESSIVE;
				GCC_WARN_UNUSED_FUNCTION = YES;
				GCC_WARN_UNUSED_VARIABLE = YES;
				IPHONEOS_DEPLOYMENT_TARGET = 10.2;
				MTL_ENABLE_DEBUG_INFO = YES;
				ONLY_ACTIVE_ARCH = YES;
				SDKROOT = iphoneos;
				SWIFT_ACTIVE_COMPILATION_CONDITIONS = DEBUG;
				SWIFT_OPTIMIZATION_LEVEL = "-Onone";
				TARGETED_DEVICE_FAMILY = "1,2";
			};
			name = Debug;
		};
		AE8E3F2F1E8218C200BF6FE5 /* Release */ = {
			isa = XCBuildConfiguration;
			buildSettings = {
				ALWAYS_SEARCH_USER_PATHS = NO;
				CLANG_ANALYZER_NONNULL = YES;
				CLANG_CXX_LANGUAGE_STANDARD = "gnu++0x";
				CLANG_CXX_LIBRARY = "libc++";
				CLANG_ENABLE_MODULES = YES;
				CLANG_ENABLE_OBJC_ARC = YES;
				CLANG_WARN_BOOL_CONVERSION = YES;
				CLANG_WARN_CONSTANT_CONVERSION = YES;
				CLANG_WARN_DIRECT_OBJC_ISA_USAGE = YES_ERROR;
				CLANG_WARN_DOCUMENTATION_COMMENTS = YES;
				CLANG_WARN_EMPTY_BODY = YES;
				CLANG_WARN_ENUM_CONVERSION = YES;
				CLANG_WARN_INFINITE_RECURSION = YES;
				CLANG_WARN_INT_CONVERSION = YES;
				CLANG_WARN_OBJC_ROOT_CLASS = YES_ERROR;
				CLANG_WARN_SUSPICIOUS_MOVE = YES;
				CLANG_WARN_UNREACHABLE_CODE = YES;
				CLANG_WARN__DUPLICATE_METHOD_MATCH = YES;
				"CODE_SIGN_IDENTITY[sdk=iphoneos*]" = "iPhone Developer";
				COPY_PHASE_STRIP = NO;
				DEBUG_INFORMATION_FORMAT = "dwarf-with-dsym";
				ENABLE_NS_ASSERTIONS = NO;
				ENABLE_STRICT_OBJC_MSGSEND = YES;
				GCC_C_LANGUAGE_STANDARD = gnu99;
				GCC_NO_COMMON_BLOCKS = YES;
				GCC_WARN_64_TO_32_BIT_CONVERSION = YES;
				GCC_WARN_ABOUT_RETURN_TYPE = YES_ERROR;
				GCC_WARN_UNDECLARED_SELECTOR = YES;
				GCC_WARN_UNINITIALIZED_AUTOS = YES_AGGRESSIVE;
				GCC_WARN_UNUSED_FUNCTION = YES;
				GCC_WARN_UNUSED_VARIABLE = YES;
				IPHONEOS_DEPLOYMENT_TARGET = 10.2;
				MTL_ENABLE_DEBUG_INFO = NO;
				SDKROOT = iphoneos;
				SWIFT_OPTIMIZATION_LEVEL = "-Owholemodule";
				TARGETED_DEVICE_FAMILY = "1,2";
				VALIDATE_PRODUCT = YES;
			};
			name = Release;
		};
		AE8E3F311E8218C200BF6FE5 /* Debug */ = {
			isa = XCBuildConfiguration;
			baseConfigurationReference = F6CC02D769EA463D8CC6D690 /* Pods-pushmynotifs.debug.xcconfig */;
			buildSettings = {
				ASSETCATALOG_COMPILER_APPICON_NAME = AppIcon;
				CODE_SIGN_ENTITLEMENTS = pushmynotifs/pushmynotifs.entitlements;
				DEVELOPMENT_TEAM = 5JR82ZDZUZ;
				INFOPLIST_FILE = pushmynotifs/Info.plist;
				LD_RUNPATH_SEARCH_PATHS = "$(inherited) @executable_path/Frameworks";
				PRODUCT_BUNDLE_IDENTIFIER = ReaWonKim.pushmynotifs;
				PRODUCT_NAME = "$(TARGET_NAME)";
				SWIFT_VERSION = 3.0;
			};
			name = Debug;
		};
		AE8E3F321E8218C200BF6FE5 /* Release */ = {
			isa = XCBuildConfiguration;
			baseConfigurationReference = F0583A48E89F36DE9F3AC3FB /* Pods-pushmynotifs.release.xcconfig */;
			buildSettings = {
				ASSETCATALOG_COMPILER_APPICON_NAME = AppIcon;
				CODE_SIGN_ENTITLEMENTS = pushmynotifs/pushmynotifs.entitlements;
				DEVELOPMENT_TEAM = 5JR82ZDZUZ;
				INFOPLIST_FILE = pushmynotifs/Info.plist;
				LD_RUNPATH_SEARCH_PATHS = "$(inherited) @executable_path/Frameworks";
				PRODUCT_BUNDLE_IDENTIFIER = ReaWonKim.pushmynotifs;
				PRODUCT_NAME = "$(TARGET_NAME)";
				SWIFT_VERSION = 3.0;
			};
			name = Release;
		};
		AE8E3F341E8218C200BF6FE5 /* Debug */ = {
			isa = XCBuildConfiguration;
			baseConfigurationReference = E504FA18C58F27D5F700F0E5 /* Pods-pushmynotifsTests.debug.xcconfig */;
			buildSettings = {
				ALWAYS_EMBED_SWIFT_STANDARD_LIBRARIES = YES;
				BUNDLE_LOADER = "$(TEST_HOST)";
				INFOPLIST_FILE = pushmynotifsTests/Info.plist;
				LD_RUNPATH_SEARCH_PATHS = "$(inherited) @executable_path/Frameworks @loader_path/Frameworks";
				PRODUCT_BUNDLE_IDENTIFIER = ReaWonKim.pushmynotifsTests;
				PRODUCT_NAME = "$(TARGET_NAME)";
				SWIFT_VERSION = 3.0;
				TEST_HOST = "$(BUILT_PRODUCTS_DIR)/pushmynotifs.app/pushmynotifs";
			};
			name = Debug;
		};
		AE8E3F351E8218C200BF6FE5 /* Release */ = {
			isa = XCBuildConfiguration;
			baseConfigurationReference = 7C656E2A95CFA0011836445B /* Pods-pushmynotifsTests.release.xcconfig */;
			buildSettings = {
				ALWAYS_EMBED_SWIFT_STANDARD_LIBRARIES = YES;
				BUNDLE_LOADER = "$(TEST_HOST)";
				INFOPLIST_FILE = pushmynotifsTests/Info.plist;
				LD_RUNPATH_SEARCH_PATHS = "$(inherited) @executable_path/Frameworks @loader_path/Frameworks";
				PRODUCT_BUNDLE_IDENTIFIER = ReaWonKim.pushmynotifsTests;
				PRODUCT_NAME = "$(TARGET_NAME)";
				SWIFT_VERSION = 3.0;
				TEST_HOST = "$(BUILT_PRODUCTS_DIR)/pushmynotifs.app/pushmynotifs";
			};
			name = Release;
		};
		AE8E3F371E8218C200BF6FE5 /* Debug */ = {
			isa = XCBuildConfiguration;
			baseConfigurationReference = 3D349F1CCDE7F5CFE498AF6B /* Pods-pushmynotifsUITests.debug.xcconfig */;
			buildSettings = {
				ALWAYS_EMBED_SWIFT_STANDARD_LIBRARIES = YES;
				INFOPLIST_FILE = pushmynotifsUITests/Info.plist;
				LD_RUNPATH_SEARCH_PATHS = "$(inherited) @executable_path/Frameworks @loader_path/Frameworks";
				PRODUCT_BUNDLE_IDENTIFIER = ReaWonKim.pushmynotifsUITests;
				PRODUCT_NAME = "$(TARGET_NAME)";
				SWIFT_VERSION = 3.0;
				TEST_TARGET_NAME = pushmynotifs;
			};
			name = Debug;
		};
		AE8E3F381E8218C200BF6FE5 /* Release */ = {
			isa = XCBuildConfiguration;
			baseConfigurationReference = 53F682490C61701422046CD4 /* Pods-pushmynotifsUITests.release.xcconfig */;
			buildSettings = {
				ALWAYS_EMBED_SWIFT_STANDARD_LIBRARIES = YES;
				INFOPLIST_FILE = pushmynotifsUITests/Info.plist;
				LD_RUNPATH_SEARCH_PATHS = "$(inherited) @executable_path/Frameworks @loader_path/Frameworks";
				PRODUCT_BUNDLE_IDENTIFIER = ReaWonKim.pushmynotifsUITests;
				PRODUCT_NAME = "$(TARGET_NAME)";
				SWIFT_VERSION = 3.0;
				TEST_TARGET_NAME = pushmynotifs;
			};
			name = Release;
		};
/* End XCBuildConfiguration section */

/* Begin XCConfigurationList section */
		AE8E3F031E8218C200BF6FE5 /* Build configuration list for PBXProject "pushmynotifs" */ = {
			isa = XCConfigurationList;
			buildConfigurations = (
				AE8E3F2E1E8218C200BF6FE5 /* Debug */,
				AE8E3F2F1E8218C200BF6FE5 /* Release */,
			);
			defaultConfigurationIsVisible = 0;
			defaultConfigurationName = Release;
		};
		AE8E3F301E8218C200BF6FE5 /* Build configuration list for PBXNativeTarget "pushmynotifs" */ = {
			isa = XCConfigurationList;
			buildConfigurations = (
				AE8E3F311E8218C200BF6FE5 /* Debug */,
				AE8E3F321E8218C200BF6FE5 /* Release */,
			);
			defaultConfigurationIsVisible = 0;
			defaultConfigurationName = Release;
		};
		AE8E3F331E8218C200BF6FE5 /* Build configuration list for PBXNativeTarget "pushmynotifsTests" */ = {
			isa = XCConfigurationList;
			buildConfigurations = (
				AE8E3F341E8218C200BF6FE5 /* Debug */,
				AE8E3F351E8218C200BF6FE5 /* Release */,
			);
			defaultConfigurationIsVisible = 0;
			defaultConfigurationName = Release;
		};
		AE8E3F361E8218C200BF6FE5 /* Build configuration list for PBXNativeTarget "pushmynotifsUITests" */ = {
			isa = XCConfigurationList;
			buildConfigurations = (
				AE8E3F371E8218C200BF6FE5 /* Debug */,
				AE8E3F381E8218C200BF6FE5 /* Release */,
			);
			defaultConfigurationIsVisible = 0;
			defaultConfigurationName = Release;
		};
/* End XCConfigurationList section */
	};
	rootObject = AE8E3F001E8218C200BF6FE5 /* Project object */;
}
